
Microsoft Visual Studio Solution File, Format Version 12.00
# Visual Studio Version 17
VisualStudioVersion = 17.7.34003.232
MinimumVisualStudioVersion = 10.0.40219.1
Project("{888888A0-9F3D-457C-B088-3A5042F75D52}") = "Mix2", "Mix2.pyproj", "{7596F96E-33F2-42B7-B2EF-E31EA914E558}"
EndProject
Global
	GlobalSection(SolutionConfigurationPlatforms) = preSolution
		Debug|Any CPU = Debug|Any CPU
		Release|Any CPU = Release|Any CPU
	EndGlobalSection
	GlobalSection(ProjectConfigurationPlatforms) = postSolution
		{7596F96E-33F2-42B7-B2EF-E31EA914E558}.Debug|Any CPU.ActiveCfg = Debug|Any CPU
		{7596F96E-33F2-42B7-B2EF-E31EA914E558}.Release|Any CPU.ActiveCfg = Release|Any CPU
	EndGlobalSection
	GlobalSection(SolutionProperties) = preSolution
		HideSolutionNode = FALSE
	EndGlobalSection
	GlobalSection(ExtensibilityGlobals) = postSolution
		SolutionGuid = {B76FC5CC-9A91-4CF2-8E15-F46A12A321DE}
	EndGlobalSection
EndGlobal
